
Microsoft Visual Studio Solution File, Format Version 12.00
# Visual Studio 15
VisualStudioVersion = 15.0.28307.329
MinimumVisualStudioVersion = 10.0.40219.1
Project("{FAE04EC0-301F-11D3-BF4B-00C04F79EFBC}") = "DesignPatterns", "DesignPatterns\DesignPatterns.csproj", "{F035731C-8815-4E8C-AA48-3E6760D2EC98}"
EndProject
Global
	GlobalSection(SolutionConfigurationPlatforms) = preSolution
		Debug|Any CPU = Debug|Any CPU
		Release|Any CPU = Release|Any CPU
	EndGlobalSection
	GlobalSection(ProjectConfigurationPlatforms) = postSolution
		{F035731C-8815-4E8C-AA48-3E6760D2EC98}.Debug|Any CPU.ActiveCfg = Debug|Any CPU
		{F035731C-8815-4E8C-AA48-3E6760D2EC98}.Debug|Any CPU.Build.0 = Debug|Any CPU
		{F035731C-8815-4E8C-AA48-3E6760D2EC98}.Release|Any CPU.ActiveCfg = Release|Any CPU
		{F035731C-8815-4E8C-AA48-3E6760D2EC98}.Release|Any CPU.Build.0 = Release|Any CPU
	EndGlobalSection
	GlobalSection(SolutionProperties) = preSolution
		HideSolutionNode = FALSE
	EndGlobalSection
	GlobalSection(ExtensibilityGlobals) = postSolution
		SolutionGuid = {30D0CB76-0A02-46CB-B1EF-47C773B10EFE}
	EndGlobalSection
EndGlobal
