
Microsoft Visual Studio Solution File, Format Version 12.00
# Visual Studio 15
VisualStudioVersion = 15.0.28307.329
MinimumVisualStudioVersion = 10.0.40219.1
Project("{FAE04EC0-301F-11D3-BF4B-00C04F79EFBC}") = "DesignPatterns", "DesignPatterns\DesignPatterns.csproj", "{F035731C-8815-4E8C-AA48-3E6760D2EC98}"
EndProject
Project("{FAE04EC0-301F-11D3-BF4B-00C04F79EFBC}") = "Iterator", "Iterator\Iterator.csproj", "{79B9F184-6E67-4A20-BCEC-64A7C00ADF71}"
EndProject
Project("{FAE04EC0-301F-11D3-BF4B-00C04F79EFBC}") = "InherentAdapter", "Adapter\InherentAdapter.csproj", "{784656E3-0128-4980-9A2D-E2D016D5A9C7}"
EndProject
Project("{FAE04EC0-301F-11D3-BF4B-00C04F79EFBC}") = "DelegateAdapter", "DelegateAdapter\DelegateAdapter.csproj", "{05E2818E-C636-40D6-92BC-721357E44EDE}"
EndProject
Project("{FAE04EC0-301F-11D3-BF4B-00C04F79EFBC}") = "Template", "Template\Template.csproj", "{D2A8BED8-6227-483E-9915-F5DF8FC2F76F}"
EndProject
Project("{FAE04EC0-301F-11D3-BF4B-00C04F79EFBC}") = "Factory", "Factory\Factory.csproj", "{0DD0BCD3-43EE-41B0-9A23-65F46E9CC5F1}"
EndProject
Project("{FAE04EC0-301F-11D3-BF4B-00C04F79EFBC}") = "Singleton", "Singleton\Singleton.csproj", "{A066C5BF-62F4-44B6-9E5F-0C0A1B739068}"
EndProject
Project("{FAE04EC0-301F-11D3-BF4B-00C04F79EFBC}") = "Prototype", "Prototype\Prototype.csproj", "{A66D412B-06B8-4171-A63A-E88D474EA907}"
EndProject
Global
	GlobalSection(SolutionConfigurationPlatforms) = preSolution
		Debug|Any CPU = Debug|Any CPU
		Release|Any CPU = Release|Any CPU
	EndGlobalSection
	GlobalSection(ProjectConfigurationPlatforms) = postSolution
		{F035731C-8815-4E8C-AA48-3E6760D2EC98}.Debug|Any CPU.ActiveCfg = Debug|Any CPU
		{F035731C-8815-4E8C-AA48-3E6760D2EC98}.Debug|Any CPU.Build.0 = Debug|Any CPU
		{F035731C-8815-4E8C-AA48-3E6760D2EC98}.Release|Any CPU.ActiveCfg = Release|Any CPU
		{F035731C-8815-4E8C-AA48-3E6760D2EC98}.Release|Any CPU.Build.0 = Release|Any CPU
		{79B9F184-6E67-4A20-BCEC-64A7C00ADF71}.Debug|Any CPU.ActiveCfg = Debug|Any CPU
		{79B9F184-6E67-4A20-BCEC-64A7C00ADF71}.Debug|Any CPU.Build.0 = Debug|Any CPU
		{79B9F184-6E67-4A20-BCEC-64A7C00ADF71}.Release|Any CPU.ActiveCfg = Release|Any CPU
		{79B9F184-6E67-4A20-BCEC-64A7C00ADF71}.Release|Any CPU.Build.0 = Release|Any CPU
		{784656E3-0128-4980-9A2D-E2D016D5A9C7}.Debug|Any CPU.ActiveCfg = Debug|Any CPU
		{784656E3-0128-4980-9A2D-E2D016D5A9C7}.Debug|Any CPU.Build.0 = Debug|Any CPU
		{784656E3-0128-4980-9A2D-E2D016D5A9C7}.Release|Any CPU.ActiveCfg = Release|Any CPU
		{784656E3-0128-4980-9A2D-E2D016D5A9C7}.Release|Any CPU.Build.0 = Release|Any CPU
		{05E2818E-C636-40D6-92BC-721357E44EDE}.Debug|Any CPU.ActiveCfg = Debug|Any CPU
		{05E2818E-C636-40D6-92BC-721357E44EDE}.Debug|Any CPU.Build.0 = Debug|Any CPU
		{05E2818E-C636-40D6-92BC-721357E44EDE}.Release|Any CPU.ActiveCfg = Release|Any CPU
		{05E2818E-C636-40D6-92BC-721357E44EDE}.Release|Any CPU.Build.0 = Release|Any CPU
		{D2A8BED8-6227-483E-9915-F5DF8FC2F76F}.Debug|Any CPU.ActiveCfg = Debug|Any CPU
		{D2A8BED8-6227-483E-9915-F5DF8FC2F76F}.Debug|Any CPU.Build.0 = Debug|Any CPU
		{D2A8BED8-6227-483E-9915-F5DF8FC2F76F}.Release|Any CPU.ActiveCfg = Release|Any CPU
		{D2A8BED8-6227-483E-9915-F5DF8FC2F76F}.Release|Any CPU.Build.0 = Release|Any CPU
		{0DD0BCD3-43EE-41B0-9A23-65F46E9CC5F1}.Debug|Any CPU.ActiveCfg = Debug|Any CPU
		{0DD0BCD3-43EE-41B0-9A23-65F46E9CC5F1}.Debug|Any CPU.Build.0 = Debug|Any CPU
		{0DD0BCD3-43EE-41B0-9A23-65F46E9CC5F1}.Release|Any CPU.ActiveCfg = Release|Any CPU
		{0DD0BCD3-43EE-41B0-9A23-65F46E9CC5F1}.Release|Any CPU.Build.0 = Release|Any CPU
		{A066C5BF-62F4-44B6-9E5F-0C0A1B739068}.Debug|Any CPU.ActiveCfg = Debug|Any CPU
		{A066C5BF-62F4-44B6-9E5F-0C0A1B739068}.Debug|Any CPU.Build.0 = Debug|Any CPU
		{A066C5BF-62F4-44B6-9E5F-0C0A1B739068}.Release|Any CPU.ActiveCfg = Release|Any CPU
		{A066C5BF-62F4-44B6-9E5F-0C0A1B739068}.Release|Any CPU.Build.0 = Release|Any CPU
		{A66D412B-06B8-4171-A63A-E88D474EA907}.Debug|Any CPU.ActiveCfg = Debug|Any CPU
		{A66D412B-06B8-4171-A63A-E88D474EA907}.Debug|Any CPU.Build.0 = Debug|Any CPU
		{A66D412B-06B8-4171-A63A-E88D474EA907}.Release|Any CPU.ActiveCfg = Release|Any CPU
		{A66D412B-06B8-4171-A63A-E88D474EA907}.Release|Any CPU.Build.0 = Release|Any CPU
	EndGlobalSection
	GlobalSection(SolutionProperties) = preSolution
		HideSolutionNode = FALSE
	EndGlobalSection
	GlobalSection(ExtensibilityGlobals) = postSolution
		SolutionGuid = {30D0CB76-0A02-46CB-B1EF-47C773B10EFE}
	EndGlobalSection
EndGlobal
